
Microsoft Visual Studio Solution File, Format Version 12.00
# Visual Studio 15
VisualStudioVersion = 15.0.27130.2036
MinimumVisualStudioVersion = 10.0.40219.1
Project("{8BC9CEB8-8B4A-11D0-8D11-00A0C91BC942}") = "ClipWatch", "ClipWatch\ClipWatch.vcxproj", "{4F62480D-E449-4C6C-97EF-6BE89AAFFE03}"
EndProject
Global
	GlobalSection(SolutionConfigurationPlatforms) = preSolution
		Debug|Win32 = Debug|Win32
		Release|Win32 = Release|Win32
	EndGlobalSection
	GlobalSection(ProjectConfigurationPlatforms) = postSolution
		{4F62480D-E449-4C6C-97EF-6BE89AAFFE03}.Debug|Win32.ActiveCfg = Debug|Win32
		{4F62480D-E449-4C6C-97EF-6BE89AAFFE03}.Debug|Win32.Build.0 = Debug|Win32
		{4F62480D-E449-4C6C-97EF-6BE89AAFFE03}.Release|Win32.ActiveCfg = Release|Win32
		{4F62480D-E449-4C6C-97EF-6BE89AAFFE03}.Release|Win32.Build.0 = Release|Win32
	EndGlobalSection
	GlobalSection(SolutionProperties) = preSolution
		HideSolutionNode = FALSE
	EndGlobalSection
	GlobalSection(ExtensibilityGlobals) = postSolution
		SolutionGuid = {5E31F733-285E-434B-8513-9C8E085D250B}
	EndGlobalSection
EndGlobal
